// !$*UTF8*$!
{
	archiveVersion = 1;
	classes = {
	};
	objectVersion = 77;
	objects = {

/* Begin PBXBuildFile section */
		F51414532EE5A436001609BF /* FirebaseFirestore in Frameworks */ = {isa = PBXBuildFile; productRef = F51414522EE5A436001609BF /* FirebaseFirestore */; };
		F51414552EE5A43F001609BF /* FirebaseFirestore in Frameworks */ = {isa = PBXBuildFile; productRef = F51414542EE5A43F001609BF /* FirebaseFirestore */; };
		F559C3AA2EE240B4004EB3E0 /* FirebaseCrashlytics in Frameworks */ = {isa = PBXBuildFile; productRef = F559C3A92EE240B4004EB3E0 /* FirebaseCrashlytics */; };
		F559C3AC2EE240B4004EB3E0 /* FirebasePerformance in Frameworks */ = {isa = PBXBuildFile; productRef = F559C3AB2EE240B4004EB3E0 /* FirebasePerformance */; };
		F559C3AE2EE240B4004EB3E0 /* FirebaseStorage in Frameworks */ = {isa = PBXBuildFile; productRef = F559C3AD2EE240B4004EB3E0 /* FirebaseStorage */; };
		F559C3C02EE2482D004EB3E0 /* FirebaseCrashlytics in Frameworks */ = {isa = PBXBuildFile; productRef = F559C3BF2EE2482D004EB3E0 /* FirebaseCrashlytics */; };
		F559C3C22EE2482D004EB3E0 /* FirebasePerformance in Frameworks */ = {isa = PBXBuildFile; productRef = F559C3C12EE2482D004EB3E0 /* FirebasePerformance */; };
		F559C3C42EE2482D004EB3E0 /* FirebaseStorage in Frameworks */ = {isa = PBXBuildFile; productRef = F559C3C32EE2482D004EB3E0 /* FirebaseStorage */; };
		F559C3CE2EE24C9B004EB3E0 /* FirebaseAuth in Frameworks */ = {isa = PBXBuildFile; productRef = F559C3CD2EE24C9B004EB3E0 /* FirebaseAuth */; };
		F559C3D02EE24CA2004EB3E0 /* FirebaseAuth in Frameworks */ = {isa = PBXBuildFile; productRef = F559C3CF2EE24CA2004EB3E0 /* FirebaseAuth */; };
		F5A10C172EE43C68006A8DFD /* AppIcon.icon in Resources */ = {isa = PBXBuildFile; fileRef = F5A10C162EE43C68006A8DFD /* AppIcon.icon */; };
		F5A10C192EE441C3006A8DFD /* AppIconManager.icon in Resources */ = {isa = PBXBuildFile; fileRef = F5A10C182EE441C3006A8DFD /* AppIconManager.icon */; };
		F5F030FF2EE4FFB400C5CA50 /* FirebaseFunctions in Frameworks */ = {isa = PBXBuildFile; productRef = F5F030FE2EE4FFB400C5CA50 /* FirebaseFunctions */; };
		F5F031012EE4FFBC00C5CA50 /* FirebaseMessaging in Frameworks */ = {isa = PBXBuildFile; productRef = F5F031002EE4FFBC00C5CA50 /* FirebaseMessaging */; };
		F5F031032EE4FFC800C5CA50 /* FirebaseFunctions in Frameworks */ = {isa = PBXBuildFile; productRef = F5F031022EE4FFC800C5CA50 /* FirebaseFunctions */; };
		F5F031052EE4FFCE00C5CA50 /* FirebaseMessaging in Frameworks */ = {isa = PBXBuildFile; productRef = F5F031042EE4FFCE00C5CA50 /* FirebaseMessaging */; };
/* End PBXBuildFile section */

/* Begin PBXContainerItemProxy section */
		F51CBB3D2EE17C9000615E23 /* PBXContainerItemProxy */ = {
			isa = PBXContainerItemProxy;
			containerPortal = F5338F7F2EE16BA300619943 /* Project object */;
			proxyType = 1;
			remoteGlobalIDString = F51CBB252EE17C8F00615E23;
			remoteInfo = valtaManager;
		};
		F5338F952EE16BA500619943 /* PBXContainerItemProxy */ = {
			isa = PBXContainerItemProxy;
			containerPortal = F5338F7F2EE16BA300619943 /* Project object */;
			proxyType = 1;
			remoteGlobalIDString = F5338F862EE16BA300619943;
			remoteInfo = valta;
		};
		F5338F9F2EE16BA500619943 /* PBXContainerItemProxy */ = {
			isa = PBXContainerItemProxy;
			containerPortal = F5338F7F2EE16BA300619943 /* Project object */;
			proxyType = 1;
			remoteGlobalIDString = F5338F862EE16BA300619943;
			remoteInfo = valta;
		};
/* End PBXContainerItemProxy section */

/* Begin PBXFileReference section */
		F51CBB262EE17C8F00615E23 /* valtaManager.app */ = {isa = PBXFileReference; explicitFileType = wrapper.application; includeInIndex = 0; path = valtaManager.app; sourceTree = BUILT_PRODUCTS_DIR; };
		F51CBB3C2EE17C9000615E23 /* valtaManagerUITests.xctest */ = {isa = PBXFileReference; explicitFileType = wrapper.cfbundle; includeInIndex = 0; path = valtaManagerUITests.xctest; sourceTree = BUILT_PRODUCTS_DIR; };
		F5338F872EE16BA300619943 /* valta.app */ = {isa = PBXFileReference; explicitFileType = wrapper.application; includeInIndex = 0; path = valta.app; sourceTree = BUILT_PRODUCTS_DIR; };
		F5338F942EE16BA500619943 /* valtaTests.xctest */ = {isa = PBXFileReference; explicitFileType = wrapper.cfbundle; includeInIndex = 0; path = valtaTests.xctest; sourceTree = BUILT_PRODUCTS_DIR; };
		F5338F9E2EE16BA500619943 /* valtaUITests.xctest */ = {isa = PBXFileReference; explicitFileType = wrapper.cfbundle; includeInIndex = 0; path = valtaUITests.xctest; sourceTree = BUILT_PRODUCTS_DIR; };
		F5A10C162EE43C68006A8DFD /* AppIcon.icon */ = {isa = PBXFileReference; lastKnownFileType = folder.iconcomposer.icon; path = AppIcon.icon; sourceTree = "<group>"; };
		F5A10C182EE441C3006A8DFD /* AppIconManager.icon */ = {isa = PBXFileReference; lastKnownFileType = folder.iconcomposer.icon; path = AppIconManager.icon; sourceTree = "<group>"; };
		F5AC05632EEAF074004B038F /* .swiftlint.yml */ = {isa = PBXFileReference; lastKnownFileType = text.yaml; path = .swiftlint.yml; sourceTree = "<group>"; };
		F5AC05642EEAF074004B038F /* activities.csv */ = {isa = PBXFileReference; lastKnownFileType = text; path = activities.csv; sourceTree = "<group>"; };
		F5AC05652EEAF074004B038F /* FULL_SPECIFICATION.md */ = {isa = PBXFileReference; lastKnownFileType = net.daringfireball.markdown; path = FULL_SPECIFICATION.md; sourceTree = "<group>"; };
		F5AC05662EEAF074004B038F /* IMPLEMENTATION_PLAN.md */ = {isa = PBXFileReference; lastKnownFileType = net.daringfireball.markdown; path = IMPLEMENTATION_PLAN.md; sourceTree = "<group>"; };
		F5AC05672EEAF074004B038F /* NOTIFICATION_SETUP_GUIDE.md */ = {isa = PBXFileReference; lastKnownFileType = net.daringfireball.markdown; path = NOTIFICATION_SETUP_GUIDE.md; sourceTree = "<group>"; };
		F5AC05682EEAF074004B038F /* PROJECT_COMP.md */ = {isa = PBXFileReference; lastKnownFileType = net.daringfireball.markdown; path = PROJECT_COMP.md; sourceTree = "<group>"; };
		F5AC056A2EEAF074004B038F /* PUSH_NOTIFICATIONS_PLAN.md */ = {isa = PBXFileReference; lastKnownFileType = net.daringfireball.markdown; path = PUSH_NOTIFICATIONS_PLAN.md; sourceTree = "<group>"; };
		F5AC056B2EEAF074004B038F /* README.md */ = {isa = PBXFileReference; lastKnownFileType = net.daringfireball.markdown; path = README.md; sourceTree = "<group>"; };
		F5AC056C2EEAF074004B038F /* teams.csv */ = {isa = PBXFileReference; lastKnownFileType = text; path = teams.csv; sourceTree = "<group>"; };
		F5F096222EE7B72A0005C249 /* valta.xctestplan */ = {isa = PBXFileReference; lastKnownFileType = text; path = valta.xctestplan; sourceTree = "<group>"; };
/* End PBXFileReference section */

/* Begin PBXFileSystemSynchronizedBuildFileExceptionSet section */
		F559C3C62EE24B7F004EB3E0 /* Exceptions for "valtaManager" folder in "valtaManager" target */ = {
			isa = PBXFileSystemSynchronizedBuildFileExceptionSet;
			membershipExceptions = (
				Info.plist,
			);
			target = F51CBB252EE17C8F00615E23 /* valtaManager */;
		};
		F559C3C82EE24B9B004EB3E0 /* Exceptions for "valta" folder in "valta" target */ = {
			isa = PBXFileSystemSynchronizedBuildFileExceptionSet;
			membershipExceptions = (
				Info.plist,
			);
			target = F5338F862EE16BA300619943 /* valta */;
		};
/* End PBXFileSystemSynchronizedBuildFileExceptionSet section */

/* Begin PBXFileSystemSynchronizedRootGroup section */
		A1SHARED2EE1900000000001 /* Shared */ = {
			isa = PBXFileSystemSynchronizedRootGroup;
			path = Shared;
			sourceTree = "<group>";
		};
		F51CBB272EE17C8F00615E23 /* valtaManager */ = {
			isa = PBXFileSystemSynchronizedRootGroup;
			exceptions = (
				F559C3C62EE24B7F004EB3E0 /* Exceptions for "valtaManager" folder in "valtaManager" target */,
			);
			path = valtaManager;
			sourceTree = "<group>";
		};
		F51CBB3F2EE17C9000615E23 /* valtaManagerUITests */ = {
			isa = PBXFileSystemSynchronizedRootGroup;
			path = valtaManagerUITests;
			sourceTree = "<group>";
		};
		F5338F892EE16BA300619943 /* valta */ = {
			isa = PBXFileSystemSynchronizedRootGroup;
			exceptions = (
				F559C3C82EE24B9B004EB3E0 /* Exceptions for "valta" folder in "valta" target */,
			);
			path = valta;
			sourceTree = "<group>";
		};
		F5338F972EE16BA500619943 /* valtaTests */ = {
			isa = PBXFileSystemSynchronizedRootGroup;
			path = valtaTests;
			sourceTree = "<group>";
		};
		F5338FA12EE16BA500619943 /* valtaUITests */ = {
			isa = PBXFileSystemSynchronizedRootGroup;
			path = valtaUITests;
			sourceTree = "<group>";
		};
/* End PBXFileSystemSynchronizedRootGroup section */

/* Begin PBXFrameworksBuildPhase section */
		F51CBB232EE17C8F00615E23 /* Frameworks */ = {
			isa = PBXFrameworksBuildPhase;
			buildActionMask = 2147483647;
			files = (
				F5F031052EE4FFCE00C5CA50 /* FirebaseMessaging in Frameworks */,
				F559C3CE2EE24C9B004EB3E0 /* FirebaseAuth in Frameworks */,
				F559C3C42EE2482D004EB3E0 /* FirebaseStorage in Frameworks */,
				F5F031032EE4FFC800C5CA50 /* FirebaseFunctions in Frameworks */,
				F559C3C02EE2482D004EB3E0 /* FirebaseCrashlytics in Frameworks */,
				F559C3C22EE2482D004EB3E0 /* FirebasePerformance in Frameworks */,
				F51414552EE5A43F001609BF /* FirebaseFirestore in Frameworks */,
			);
			runOnlyForDeploymentPostprocessing = 0;
		};
		F51CBB392EE17C9000615E23 /* Frameworks */ = {
			isa = PBXFrameworksBuildPhase;
			buildActionMask = 2147483647;
			files = (
			);
			runOnlyForDeploymentPostprocessing = 0;
		};
		F5338F842EE16BA300619943 /* Frameworks */ = {
			isa = PBXFrameworksBuildPhase;
			buildActionMask = 2147483647;
			files = (
				F5F031012EE4FFBC00C5CA50 /* FirebaseMessaging in Frameworks */,
				F559C3D02EE24CA2004EB3E0 /* FirebaseAuth in Frameworks */,
				F559C3AE2EE240B4004EB3E0 /* FirebaseStorage in Frameworks */,
				F5F030FF2EE4FFB400C5CA50 /* FirebaseFunctions in Frameworks */,
				F559C3AA2EE240B4004EB3E0 /* FirebaseCrashlytics in Frameworks */,
				F559C3AC2EE240B4004EB3E0 /* FirebasePerformance in Frameworks */,
				F51414532EE5A436001609BF /* FirebaseFirestore in Frameworks */,
			);
			runOnlyForDeploymentPostprocessing = 0;
		};
		F5338F912EE16BA500619943 /* Frameworks */ = {
			isa = PBXFrameworksBuildPhase;
			buildActionMask = 2147483647;
			files = (
			);
			runOnlyForDeploymentPostprocessing = 0;
		};
		F5338F9B2EE16BA500619943 /* Frameworks */ = {
			isa = PBXFrameworksBuildPhase;
			buildActionMask = 2147483647;
			files = (
			);
			runOnlyForDeploymentPostprocessing = 0;
		};
/* End PBXFrameworksBuildPhase section */

/* Begin PBXGroup section */
		F5338F7E2EE16BA300619943 = {
			isa = PBXGroup;
			children = (
				F5F096222EE7B72A0005C249 /* valta.xctestplan */,
				F5A10C162EE43C68006A8DFD /* AppIcon.icon */,
				F5A10C182EE441C3006A8DFD /* AppIconManager.icon */,
				F5AC05632EEAF074004B038F /* .swiftlint.yml */,
				F5AC05652EEAF074004B038F /* FULL_SPECIFICATION.md */,
				F5AC05662EEAF074004B038F /* IMPLEMENTATION_PLAN.md */,
				F5AC05672EEAF074004B038F /* NOTIFICATION_SETUP_GUIDE.md */,
				F5AC05682EEAF074004B038F /* PROJECT_COMP.md */,
				F5AC056A2EEAF074004B038F /* PUSH_NOTIFICATIONS_PLAN.md */,
				F5AC056B2EEAF074004B038F /* README.md */,
				F5AC056C2EEAF074004B038F /* teams.csv */,
				F5AC05642EEAF074004B038F /* activities.csv */,
				A1SHARED2EE1900000000001 /* Shared */,
				F5338F892EE16BA300619943 /* valta */,
				F51CBB272EE17C8F00615E23 /* valtaManager */,
				F5338F972EE16BA500619943 /* valtaTests */,
				F5338FA12EE16BA500619943 /* valtaUITests */,
				F51CBB3F2EE17C9000615E23 /* valtaManagerUITests */,
				F559C3CC2EE24C9B004EB3E0 /* Frameworks */,
				F5338F882EE16BA300619943 /* Products */,
			);
			sourceTree = "<group>";
		};
		F5338F882EE16BA300619943 /* Products */ = {
			isa = PBXGroup;
			children = (
				F5338F872EE16BA300619943 /* valta.app */,
				F5338F942EE16BA500619943 /* valtaTests.xctest */,
				F5338F9E2EE16BA500619943 /* valtaUITests.xctest */,
				F51CBB262EE17C8F00615E23 /* valtaManager.app */,
				F51CBB3C2EE17C9000615E23 /* valtaManagerUITests.xctest */,
			);
			name = Products;
			sourceTree = "<group>";
		};
		F559C3CC2EE24C9B004EB3E0 /* Frameworks */ = {
			isa = PBXGroup;
			children = (
			);
			name = Frameworks;
			sourceTree = "<group>";
		};
/* End PBXGroup section */

/* Begin PBXNativeTarget section */
		F51CBB252EE17C8F00615E23 /* valtaManager */ = {
			isa = PBXNativeTarget;
			buildConfigurationList = F51CBB442EE17C9000615E23 /* Build configuration list for PBXNativeTarget "valtaManager" */;
			buildPhases = (
				F51CBB222EE17C8F00615E23 /* Sources */,
				F51CBB232EE17C8F00615E23 /* Frameworks */,
				F51CBB242EE17C8F00615E23 /* Resources */,
			);
			buildRules = (
			);
			dependencies = (
			);
			fileSystemSynchronizedGroups = (
				A1SHARED2EE1900000000001 /* Shared */,
				F51CBB272EE17C8F00615E23 /* valtaManager */,
			);
			name = valtaManager;
			packageProductDependencies = (
				F559C3BF2EE2482D004EB3E0 /* FirebaseCrashlytics */,
				F559C3C12EE2482D004EB3E0 /* FirebasePerformance */,
				F559C3C32EE2482D004EB3E0 /* FirebaseStorage */,
				F559C3CD2EE24C9B004EB3E0 /* FirebaseAuth */,
				F5F031022EE4FFC800C5CA50 /* FirebaseFunctions */,
				F5F031042EE4FFCE00C5CA50 /* FirebaseMessaging */,
				F51414542EE5A43F001609BF /* FirebaseFirestore */,
			);
			productName = valtaManager;
			productReference = F51CBB262EE17C8F00615E23 /* valtaManager.app */;
			productType = "com.apple.product-type.application";
		};
		F51CBB3B2EE17C9000615E23 /* valtaManagerUITests */ = {
			isa = PBXNativeTarget;
			buildConfigurationList = F51CBB4A2EE17C9000615E23 /* Build configuration list for PBXNativeTarget "valtaManagerUITests" */;
			buildPhases = (
				F51CBB382EE17C9000615E23 /* Sources */,
				F51CBB392EE17C9000615E23 /* Frameworks */,
				F51CBB3A2EE17C9000615E23 /* Resources */,
			);
			buildRules = (
			);
			dependencies = (
				F51CBB3E2EE17C9000615E23 /* PBXTargetDependency */,
			);
			fileSystemSynchronizedGroups = (
				F51CBB3F2EE17C9000615E23 /* valtaManagerUITests */,
			);
			name = valtaManagerUITests;
			packageProductDependencies = (
			);
			productName = valtaManagerUITests;
			productReference = F51CBB3C2EE17C9000615E23 /* valtaManagerUITests.xctest */;
			productType = "com.apple.product-type.bundle.ui-testing";
		};
		F5338F862EE16BA300619943 /* valta */ = {
			isa = PBXNativeTarget;
			buildConfigurationList = F5338FA82EE16BA500619943 /* Build configuration list for PBXNativeTarget "valta" */;
			buildPhases = (
				F5338F832EE16BA300619943 /* Sources */,
				F5AC05622EEAEF78004B038F /* Swiftlint */,
				F5338F842EE16BA300619943 /* Frameworks */,
				F5338F852EE16BA300619943 /* Resources */,
			);
			buildRules = (
			);
			dependencies = (
			);
			fileSystemSynchronizedGroups = (
				A1SHARED2EE1900000000001 /* Shared */,
				F5338F892EE16BA300619943 /* valta */,
			);
			name = valta;
			packageProductDependencies = (
				F559C3A92EE240B4004EB3E0 /* FirebaseCrashlytics */,
				F559C3AB2EE240B4004EB3E0 /* FirebasePerformance */,
				F559C3AD2EE240B4004EB3E0 /* FirebaseStorage */,
				F559C3CF2EE24CA2004EB3E0 /* FirebaseAuth */,
				F5F030FE2EE4FFB400C5CA50 /* FirebaseFunctions */,
				F5F031002EE4FFBC00C5CA50 /* FirebaseMessaging */,
				F51414522EE5A436001609BF /* FirebaseFirestore */,
			);
			productName = valta;
			productReference = F5338F872EE16BA300619943 /* valta.app */;
			productType = "com.apple.product-type.application";
		};
		F5338F932EE16BA500619943 /* valtaTests */ = {
			isa = PBXNativeTarget;
			buildConfigurationList = F5338FAB2EE16BA500619943 /* Build configuration list for PBXNativeTarget "valtaTests" */;
			buildPhases = (
				F5338F902EE16BA500619943 /* Sources */,
				F5338F912EE16BA500619943 /* Frameworks */,
				F5338F922EE16BA500619943 /* Resources */,
			);
			buildRules = (
			);
			dependencies = (
				F5338F962EE16BA500619943 /* PBXTargetDependency */,
			);
			fileSystemSynchronizedGroups = (
				F5338F972EE16BA500619943 /* valtaTests */,
			);
			name = valtaTests;
			packageProductDependencies = (
			);
			productName = valtaTests;
			productReference = F5338F942EE16BA500619943 /* valtaTests.xctest */;
			productType = "com.apple.product-type.bundle.unit-test";
		};
		F5338F9D2EE16BA500619943 /* valtaUITests */ = {
			isa = PBXNativeTarget;
			buildConfigurationList = F5338FAE2EE16BA500619943 /* Build configuration list for PBXNativeTarget "valtaUITests" */;
			buildPhases = (
				F5338F9A2EE16BA500619943 /* Sources */,
				F5338F9B2EE16BA500619943 /* Frameworks */,
				F5338F9C2EE16BA500619943 /* Resources */,
			);
			buildRules = (
			);
			dependencies = (
				F5338FA02EE16BA500619943 /* PBXTargetDependency */,
			);
			fileSystemSynchronizedGroups = (
				F5338FA12EE16BA500619943 /* valtaUITests */,
			);
			name = valtaUITests;
			packageProductDependencies = (
			);
			productName = valtaUITests;
			productReference = F5338F9E2EE16BA500619943 /* valtaUITests.xctest */;
			productType = "com.apple.product-type.bundle.ui-testing";
		};
/* End PBXNativeTarget section */

/* Begin PBXProject section */
		F5338F7F2EE16BA300619943 /* Project object */ = {
			isa = PBXProject;
			attributes = {
				BuildIndependentTargetsInParallel = 1;
				LastSwiftUpdateCheck = 2620;
				LastUpgradeCheck = 2620;
				TargetAttributes = {
					F51CBB252EE17C8F00615E23 = {
						CreatedOnToolsVersion = 26.1.1;
					};
					F51CBB3B2EE17C9000615E23 = {
						CreatedOnToolsVersion = 26.1.1;
						TestTargetID = F51CBB252EE17C8F00615E23;
					};
					F5338F862EE16BA300619943 = {
						CreatedOnToolsVersion = 26.1.1;
					};
					F5338F932EE16BA500619943 = {
						CreatedOnToolsVersion = 26.1.1;
						TestTargetID = F5338F862EE16BA300619943;
					};
					F5338F9D2EE16BA500619943 = {
						CreatedOnToolsVersion = 26.1.1;
						TestTargetID = F5338F862EE16BA300619943;
					};
				};
			};
			buildConfigurationList = F5338F822EE16BA300619943 /* Build configuration list for PBXProject "valta" */;
			developmentRegion = en;
			hasScannedForEncodings = 0;
			knownRegions = (
				en,
				Base,
			);
			mainGroup = F5338F7E2EE16BA300619943;
			minimizedProjectReferenceProxies = 1;
			packageReferences = (
				F559C3A62EE240B4004EB3E0 /* XCRemoteSwiftPackageReference "firebase-ios-sdk" */,
			);
			preferredProjectObjectVersion = 77;
			productRefGroup = F5338F882EE16BA300619943 /* Products */;
			projectDirPath = "";
			projectRoot = "";
			targets = (
				F5338F862EE16BA300619943 /* valta */,
				F5338F932EE16BA500619943 /* valtaTests */,
				F5338F9D2EE16BA500619943 /* valtaUITests */,
				F51CBB252EE17C8F00615E23 /* valtaManager */,
				F51CBB3B2EE17C9000615E23 /* valtaManagerUITests */,
			);
		};
/* End PBXProject section */

/* Begin PBXResourcesBuildPhase section */
		F51CBB242EE17C8F00615E23 /* Resources */ = {
			isa = PBXResourcesBuildPhase;
			buildActionMask = 2147483647;
			files = (
				F5A10C192EE441C3006A8DFD /* AppIconManager.icon in Resources */,
			);
			runOnlyForDeploymentPostprocessing = 0;
		};
		F51CBB3A2EE17C9000615E23 /* Resources */ = {
			isa = PBXResourcesBuildPhase;
			buildActionMask = 2147483647;
			files = (
			);
			runOnlyForDeploymentPostprocessing = 0;
		};
		F5338F852EE16BA300619943 /* Resources */ = {
			isa = PBXResourcesBuildPhase;
			buildActionMask = 2147483647;
			files = (
				F5A10C172EE43C68006A8DFD /* AppIcon.icon in Resources */,
			);
			runOnlyForDeploymentPostprocessing = 0;
		};
		F5338F922EE16BA500619943 /* Resources */ = {
			isa = PBXResourcesBuildPhase;
			buildActionMask = 2147483647;
			files = (
			);
			runOnlyForDeploymentPostprocessing = 0;
		};
		F5338F9C2EE16BA500619943 /* Resources */ = {
			isa = PBXResourcesBuildPhase;
			buildActionMask = 2147483647;
			files = (
			);
			runOnlyForDeploymentPostprocessing = 0;
		};
/* End PBXResourcesBuildPhase section */

/* Begin PBXShellScriptBuildPhase section */
		F5AC05622EEAEF78004B038F /* Swiftlint */ = {
			isa = PBXShellScriptBuildPhase;
			alwaysOutOfDate = 1;
			buildActionMask = 2147483647;
			files = (
			);
			inputFileListPaths = (
			);
			inputPaths = (
			);
			name = Swiftlint;
			outputFileListPaths = (
			);
			outputPaths = (
			);
			runOnlyForDeploymentPostprocessing = 0;
			shellPath = /bin/sh;
			shellScript = "# Type a script or drag a script file from your workspace to insert its path.\nif [[ \"$(uname -m)\" == arm64 ]]; then\n    export PATH=\"/opt/homebrew/bin:$PATH\"\nfi\n\nif which swiftlint > /dev/null; then\n  swiftlint --force-exclude\nelse\n  echo \"warning: SwiftLint not installed, download from https://github.com/realm/SwiftLint\"\nfi\n";
		};
/* End PBXShellScriptBuildPhase section */

/* Begin PBXSourcesBuildPhase section */
		F51CBB222EE17C8F00615E23 /* Sources */ = {
			isa = PBXSourcesBuildPhase;
			buildActionMask = 2147483647;
			files = (
			);
			runOnlyForDeploymentPostprocessing = 0;
		};
		F51CBB382EE17C9000615E23 /* Sources */ = {
			isa = PBXSourcesBuildPhase;
			buildActionMask = 2147483647;
			files = (
			);
			runOnlyForDeploymentPostprocessing = 0;
		};
		F5338F832EE16BA300619943 /* Sources */ = {
			isa = PBXSourcesBuildPhase;
			buildActionMask = 2147483647;
			files = (
			);
			runOnlyForDeploymentPostprocessing = 0;
		};
		F5338F902EE16BA500619943 /* Sources */ = {
			isa = PBXSourcesBuildPhase;
			buildActionMask = 2147483647;
			files = (
			);
			runOnlyForDeploymentPostprocessing = 0;
		};
		F5338F9A2EE16BA500619943 /* Sources */ = {
			isa = PBXSourcesBuildPhase;
			buildActionMask = 2147483647;
			files = (
			);
			runOnlyForDeploymentPostprocessing = 0;
		};
/* End PBXSourcesBuildPhase section */

/* Begin PBXTargetDependency section */
		F51CBB3E2EE17C9000615E23 /* PBXTargetDependency */ = {
			isa = PBXTargetDependency;
			target = F51CBB252EE17C8F00615E23 /* valtaManager */;
			targetProxy = F51CBB3D2EE17C9000615E23 /* PBXContainerItemProxy */;
		};
		F5338F962EE16BA500619943 /* PBXTargetDependency */ = {
			isa = PBXTargetDependency;
			target = F5338F862EE16BA300619943 /* valta */;
			targetProxy = F5338F952EE16BA500619943 /* PBXContainerItemProxy */;
		};
		F5338FA02EE16BA500619943 /* PBXTargetDependency */ = {
			isa = PBXTargetDependency;
			target = F5338F862EE16BA300619943 /* valta */;
			targetProxy = F5338F9F2EE16BA500619943 /* PBXContainerItemProxy */;
		};
/* End PBXTargetDependency section */

/* Begin XCBuildConfiguration section */
		F51CBB452EE17C9000615E23 /* Debug */ = {
			isa = XCBuildConfiguration;
			buildSettings = {
				ASSETCATALOG_COMPILER_APPICON_NAME = AppIconManager;
				ASSETCATALOG_COMPILER_GLOBAL_ACCENT_COLOR_NAME = AccentColor;
				CODE_SIGN_ENTITLEMENTS = valtaManager/valtaManager.entitlements;
				CODE_SIGN_IDENTITY = "Apple Development";
				CODE_SIGN_STYLE = Automatic;
				CURRENT_PROJECT_VERSION = 5;
				DEAD_CODE_STRIPPING = YES;
				DEVELOPMENT_TEAM = 6P6BQ65AWN;
				ENABLE_APP_SANDBOX = YES;
				ENABLE_HARDENED_RUNTIME = YES;
				ENABLE_INCOMING_NETWORK_CONNECTIONS = YES;
				ENABLE_OUTGOING_NETWORK_CONNECTIONS = YES;
				ENABLE_PREVIEWS = YES;
				ENABLE_RESOURCE_ACCESS_AUDIO_INPUT = NO;
				ENABLE_RESOURCE_ACCESS_BLUETOOTH = NO;
				ENABLE_RESOURCE_ACCESS_CALENDARS = NO;
				ENABLE_RESOURCE_ACCESS_CAMERA = NO;
				ENABLE_RESOURCE_ACCESS_CONTACTS = NO;
				ENABLE_RESOURCE_ACCESS_LOCATION = NO;
				ENABLE_RESOURCE_ACCESS_PRINTING = NO;
				ENABLE_RESOURCE_ACCESS_USB = NO;
				ENABLE_USER_SELECTED_FILES = readonly;
				GENERATE_INFOPLIST_FILE = YES;
				INFOPLIST_FILE = valtaManager/Info.plist;
				"INFOPLIST_KEY_UIApplicationSceneManifest_Generation[sdk=iphoneos*]" = YES;
				"INFOPLIST_KEY_UIApplicationSceneManifest_Generation[sdk=iphonesimulator*]" = YES;
				"INFOPLIST_KEY_UIApplicationSupportsIndirectInputEvents[sdk=iphoneos*]" = YES;
				"INFOPLIST_KEY_UIApplicationSupportsIndirectInputEvents[sdk=iphonesimulator*]" = YES;
				"INFOPLIST_KEY_UILaunchScreen_Generation[sdk=iphoneos*]" = YES;
				"INFOPLIST_KEY_UILaunchScreen_Generation[sdk=iphonesimulator*]" = YES;
				"INFOPLIST_KEY_UIStatusBarStyle[sdk=iphoneos*]" = UIStatusBarStyleDefault;
				"INFOPLIST_KEY_UIStatusBarStyle[sdk=iphonesimulator*]" = UIStatusBarStyleDefault;
				INFOPLIST_KEY_UISupportedInterfaceOrientations_iPad = "UIInterfaceOrientationPortrait UIInterfaceOrientationPortraitUpsideDown UIInterfaceOrientationLandscapeLeft UIInterfaceOrientationLandscapeRight";
				INFOPLIST_KEY_UISupportedInterfaceOrientations_iPhone = "UIInterfaceOrientationPortrait UIInterfaceOrientationLandscapeLeft UIInterfaceOrientationLandscapeRight";
				IPHONEOS_DEPLOYMENT_TARGET = 26.1;
				LD_RUNPATH_SEARCH_PATHS = "@executable_path/Frameworks";
				"LD_RUNPATH_SEARCH_PATHS[sdk=macosx*]" = "@executable_path/../Frameworks";
				MACOSX_DEPLOYMENT_TARGET = 26.1;
				MARKETING_VERSION = 1.0;
				PRODUCT_BUNDLE_IDENTIFIER = com.valexa.valtaManager;
				PRODUCT_NAME = "$(TARGET_NAME)";
				PROVISIONING_PROFILE_SPECIFIER = "";
				REGISTER_APP_GROUPS = YES;
				SDKROOT = auto;
				STRING_CATALOG_GENERATE_SYMBOLS = YES;
				SUPPORTED_PLATFORMS = "iphoneos iphonesimulator macosx xros xrsimulator";
				SWIFT_APPROACHABLE_CONCURRENCY = YES;
				SWIFT_DEFAULT_ACTOR_ISOLATION = MainActor;
				SWIFT_EMIT_LOC_STRINGS = YES;
				SWIFT_UPCOMING_FEATURE_MEMBER_IMPORT_VISIBILITY = YES;
				SWIFT_VERSION = 5.0;
				TARGETED_DEVICE_FAMILY = "1,2,7";
				XROS_DEPLOYMENT_TARGET = 26.1;
			};
			name = Debug;
		};
		F51CBB462EE17C9000615E23 /* Release */ = {
			isa = XCBuildConfiguration;
			buildSettings = {
				ASSETCATALOG_COMPILER_APPICON_NAME = AppIconManager;
				ASSETCATALOG_COMPILER_GLOBAL_ACCENT_COLOR_NAME = AccentColor;
				CODE_SIGN_ENTITLEMENTS = valtaManager/valtaManager.entitlements;
				CODE_SIGN_IDENTITY = "Apple Development";
				CODE_SIGN_STYLE = Automatic;
				CURRENT_PROJECT_VERSION = 5;
				DEAD_CODE_STRIPPING = YES;
				DEVELOPMENT_TEAM = 6P6BQ65AWN;
				ENABLE_APP_SANDBOX = YES;
				ENABLE_HARDENED_RUNTIME = YES;
				ENABLE_INCOMING_NETWORK_CONNECTIONS = YES;
				ENABLE_OUTGOING_NETWORK_CONNECTIONS = YES;
				ENABLE_PREVIEWS = YES;
				ENABLE_RESOURCE_ACCESS_AUDIO_INPUT = NO;
				ENABLE_RESOURCE_ACCESS_BLUETOOTH = NO;
				ENABLE_RESOURCE_ACCESS_CALENDARS = NO;
				ENABLE_RESOURCE_ACCESS_CAMERA = NO;
				ENABLE_RESOURCE_ACCESS_CONTACTS = NO;
				ENABLE_RESOURCE_ACCESS_LOCATION = NO;
				ENABLE_RESOURCE_ACCESS_PRINTING = NO;
				ENABLE_RESOURCE_ACCESS_USB = NO;
				ENABLE_USER_SELECTED_FILES = readonly;
				GENERATE_INFOPLIST_FILE = YES;
				INFOPLIST_FILE = valtaManager/Info.plist;
				"INFOPLIST_KEY_UIApplicationSceneManifest_Generation[sdk=iphoneos*]" = YES;
				"INFOPLIST_KEY_UIApplicationSceneManifest_Generation[sdk=iphonesimulator*]" = YES;
				"INFOPLIST_KEY_UIApplicationSupportsIndirectInputEvents[sdk=iphoneos*]" = YES;
				"INFOPLIST_KEY_UIApplicationSupportsIndirectInputEvents[sdk=iphonesimulator*]" = YES;
				"INFOPLIST_KEY_UILaunchScreen_Generation[sdk=iphoneos*]" = YES;
				"INFOPLIST_KEY_UILaunchScreen_Generation[sdk=iphonesimulator*]" = YES;
				"INFOPLIST_KEY_UIStatusBarStyle[sdk=iphoneos*]" = UIStatusBarStyleDefault;
				"INFOPLIST_KEY_UIStatusBarStyle[sdk=iphonesimulator*]" = UIStatusBarStyleDefault;
				INFOPLIST_KEY_UISupportedInterfaceOrientations_iPad = "UIInterfaceOrientationPortrait UIInterfaceOrientationPortraitUpsideDown UIInterfaceOrientationLandscapeLeft UIInterfaceOrientationLandscapeRight";
				INFOPLIST_KEY_UISupportedInterfaceOrientations_iPhone = "UIInterfaceOrientationPortrait UIInterfaceOrientationLandscapeLeft UIInterfaceOrientationLandscapeRight";
				IPHONEOS_DEPLOYMENT_TARGET = 26.1;
				LD_RUNPATH_SEARCH_PATHS = "@executable_path/Frameworks";
				"LD_RUNPATH_SEARCH_PATHS[sdk=macosx*]" = "@executable_path/../Frameworks";
				MACOSX_DEPLOYMENT_TARGET = 26.1;
				MARKETING_VERSION = 1.0;
				PRODUCT_BUNDLE_IDENTIFIER = com.valexa.valtaManager;
				PRODUCT_NAME = "$(TARGET_NAME)";
				PROVISIONING_PROFILE_SPECIFIER = "";
				REGISTER_APP_GROUPS = YES;
				SDKROOT = auto;
				STRING_CATALOG_GENERATE_SYMBOLS = YES;
				SUPPORTED_PLATFORMS = "iphoneos iphonesimulator macosx xros xrsimulator";
				SWIFT_APPROACHABLE_CONCURRENCY = YES;
				SWIFT_DEFAULT_ACTOR_ISOLATION = MainActor;
				SWIFT_EMIT_LOC_STRINGS = YES;
				SWIFT_UPCOMING_FEATURE_MEMBER_IMPORT_VISIBILITY = YES;
				SWIFT_VERSION = 5.0;
				TARGETED_DEVICE_FAMILY = "1,2,7";
				XROS_DEPLOYMENT_TARGET = 26.1;
			};
			name = Release;
		};
		F51CBB4B2EE17C9000615E23 /* Debug */ = {
			isa = XCBuildConfiguration;
			buildSettings = {
				CODE_SIGN_STYLE = Automatic;
				CURRENT_PROJECT_VERSION = 1;
				DEAD_CODE_STRIPPING = YES;
				DEVELOPMENT_TEAM = 6P6BQ65AWN;
				GENERATE_INFOPLIST_FILE = YES;
				IPHONEOS_DEPLOYMENT_TARGET = 26.1;
				MACOSX_DEPLOYMENT_TARGET = 26.1;
				MARKETING_VERSION = 1.0;
				PRODUCT_BUNDLE_IDENTIFIER = com.valexa.valtaManagerUITests;
				PRODUCT_NAME = "$(TARGET_NAME)";
				SDKROOT = auto;
				STRING_CATALOG_GENERATE_SYMBOLS = NO;
				SUPPORTED_PLATFORMS = "iphoneos iphonesimulator macosx xros xrsimulator";
				SWIFT_APPROACHABLE_CONCURRENCY = YES;
				SWIFT_EMIT_LOC_STRINGS = NO;
				SWIFT_UPCOMING_FEATURE_MEMBER_IMPORT_VISIBILITY = YES;
				SWIFT_VERSION = 5.0;
				TARGETED_DEVICE_FAMILY = "1,2,7";
				TEST_TARGET_NAME = valtaManager;
				XROS_DEPLOYMENT_TARGET = 26.1;
			};
			name = Debug;
		};
		F51CBB4C2EE17C9000615E23 /* Release */ = {
			isa = XCBuildConfiguration;
			buildSettings = {
				CODE_SIGN_STYLE = Automatic;
				CURRENT_PROJECT_VERSION = 1;
				DEAD_CODE_STRIPPING = YES;
				DEVELOPMENT_TEAM = 6P6BQ65AWN;
				GENERATE_INFOPLIST_FILE = YES;
				IPHONEOS_DEPLOYMENT_TARGET = 26.1;
				MACOSX_DEPLOYMENT_TARGET = 26.1;
				MARKETING_VERSION = 1.0;
				PRODUCT_BUNDLE_IDENTIFIER = com.valexa.valtaManagerUITests;
				PRODUCT_NAME = "$(TARGET_NAME)";
				SDKROOT = auto;
				STRING_CATALOG_GENERATE_SYMBOLS = NO;
				SUPPORTED_PLATFORMS = "iphoneos iphonesimulator macosx xros xrsimulator";
				SWIFT_APPROACHABLE_CONCURRENCY = YES;
				SWIFT_EMIT_LOC_STRINGS = NO;
				SWIFT_UPCOMING_FEATURE_MEMBER_IMPORT_VISIBILITY = YES;
				SWIFT_VERSION = 5.0;
				TARGETED_DEVICE_FAMILY = "1,2,7";
				TEST_TARGET_NAME = valtaManager;
				XROS_DEPLOYMENT_TARGET = 26.1;
			};
			name = Release;
		};
		F5338FA62EE16BA500619943 /* Debug */ = {
			isa = XCBuildConfiguration;
			buildSettings = {
				ALWAYS_SEARCH_USER_PATHS = NO;
				ASSETCATALOG_COMPILER_GENERATE_SWIFT_ASSET_SYMBOL_EXTENSIONS = YES;
				CLANG_ANALYZER_NONNULL = YES;
				CLANG_ANALYZER_NUMBER_OBJECT_CONVERSION = YES_AGGRESSIVE;
				CLANG_CXX_LANGUAGE_STANDARD = "gnu++20";
				CLANG_ENABLE_MODULES = YES;
				CLANG_ENABLE_OBJC_ARC = YES;
				CLANG_ENABLE_OBJC_WEAK = YES;
				CLANG_WARN_BLOCK_CAPTURE_AUTORELEASING = YES;
				CLANG_WARN_BOOL_CONVERSION = YES;
				CLANG_WARN_COMMA = YES;
				CLANG_WARN_CONSTANT_CONVERSION = YES;
				CLANG_WARN_DEPRECATED_OBJC_IMPLEMENTATIONS = YES;
				CLANG_WARN_DIRECT_OBJC_ISA_USAGE = YES_ERROR;
				CLANG_WARN_DOCUMENTATION_COMMENTS = YES;
				CLANG_WARN_EMPTY_BODY = YES;
				CLANG_WARN_ENUM_CONVERSION = YES;
				CLANG_WARN_INFINITE_RECURSION = YES;
				CLANG_WARN_INT_CONVERSION = YES;
				CLANG_WARN_NON_LITERAL_NULL_CONVERSION = YES;
				CLANG_WARN_OBJC_IMPLICIT_RETAIN_SELF = YES;
				CLANG_WARN_OBJC_LITERAL_CONVERSION = YES;
				CLANG_WARN_OBJC_ROOT_CLASS = YES_ERROR;
				CLANG_WARN_QUOTED_INCLUDE_IN_FRAMEWORK_HEADER = YES;
				CLANG_WARN_RANGE_LOOP_ANALYSIS = YES;
				CLANG_WARN_STRICT_PROTOTYPES = YES;
				CLANG_WARN_SUSPICIOUS_MOVE = YES;
				CLANG_WARN_UNGUARDED_AVAILABILITY = YES_AGGRESSIVE;
				CLANG_WARN_UNREACHABLE_CODE = YES;
				CLANG_WARN__DUPLICATE_METHOD_MATCH = YES;
				COPY_PHASE_STRIP = NO;
				DEAD_CODE_STRIPPING = YES;
				DEBUG_INFORMATION_FORMAT = dwarf;
				DEVELOPMENT_TEAM = 6P6BQ65AWN;
				ENABLE_STRICT_OBJC_MSGSEND = YES;
				ENABLE_TESTABILITY = YES;
				ENABLE_USER_SCRIPT_SANDBOXING = NO;
				GCC_C_LANGUAGE_STANDARD = gnu17;
				GCC_DYNAMIC_NO_PIC = NO;
				GCC_NO_COMMON_BLOCKS = YES;
				GCC_OPTIMIZATION_LEVEL = 0;
				GCC_PREPROCESSOR_DEFINITIONS = (
					"DEBUG=1",
					"$(inherited)",
				);
				GCC_WARN_64_TO_32_BIT_CONVERSION = YES;
				GCC_WARN_ABOUT_RETURN_TYPE = YES_ERROR;
				GCC_WARN_UNDECLARED_SELECTOR = YES;
				GCC_WARN_UNINITIALIZED_AUTOS = YES_AGGRESSIVE;
				GCC_WARN_UNUSED_FUNCTION = YES;
				GCC_WARN_UNUSED_VARIABLE = YES;
				LOCALIZATION_PREFERS_STRING_CATALOGS = YES;
				MTL_ENABLE_DEBUG_INFO = INCLUDE_SOURCE;
				MTL_FAST_MATH = YES;
				ONLY_ACTIVE_ARCH = YES;
				STRING_CATALOG_GENERATE_SYMBOLS = YES;
				SWIFT_ACTIVE_COMPILATION_CONDITIONS = "DEBUG $(inherited)";
				SWIFT_OPTIMIZATION_LEVEL = "-Onone";
			};
			name = Debug;
		};
		F5338FA72EE16BA500619943 /* Release */ = {
			isa = XCBuildConfiguration;
			buildSettings = {
				ALWAYS_SEARCH_USER_PATHS = NO;
				ASSETCATALOG_COMPILER_GENERATE_SWIFT_ASSET_SYMBOL_EXTENSIONS = YES;
				CLANG_ANALYZER_NONNULL = YES;
				CLANG_ANALYZER_NUMBER_OBJECT_CONVERSION = YES_AGGRESSIVE;
				CLANG_CXX_LANGUAGE_STANDARD = "gnu++20";
				CLANG_ENABLE_MODULES = YES;
				CLANG_ENABLE_OBJC_ARC = YES;
				CLANG_ENABLE_OBJC_WEAK = YES;
				CLANG_WARN_BLOCK_CAPTURE_AUTORELEASING = YES;
				CLANG_WARN_BOOL_CONVERSION = YES;
				CLANG_WARN_COMMA = YES;
				CLANG_WARN_CONSTANT_CONVERSION = YES;
				CLANG_WARN_DEPRECATED_OBJC_IMPLEMENTATIONS = YES;
				CLANG_WARN_DIRECT_OBJC_ISA_USAGE = YES_ERROR;
				CLANG_WARN_DOCUMENTATION_COMMENTS = YES;
				CLANG_WARN_EMPTY_BODY = YES;
				CLANG_WARN_ENUM_CONVERSION = YES;
				CLANG_WARN_INFINITE_RECURSION = YES;
				CLANG_WARN_INT_CONVERSION = YES;
				CLANG_WARN_NON_LITERAL_NULL_CONVERSION = YES;
				CLANG_WARN_OBJC_IMPLICIT_RETAIN_SELF = YES;
				CLANG_WARN_OBJC_LITERAL_CONVERSION = YES;
				CLANG_WARN_OBJC_ROOT_CLASS = YES_ERROR;
				CLANG_WARN_QUOTED_INCLUDE_IN_FRAMEWORK_HEADER = YES;
				CLANG_WARN_RANGE_LOOP_ANALYSIS = YES;
				CLANG_WARN_STRICT_PROTOTYPES = YES;
				CLANG_WARN_SUSPICIOUS_MOVE = YES;
				CLANG_WARN_UNGUARDED_AVAILABILITY = YES_AGGRESSIVE;
				CLANG_WARN_UNREACHABLE_CODE = YES;
				CLANG_WARN__DUPLICATE_METHOD_MATCH = YES;
				COPY_PHASE_STRIP = NO;
				DEAD_CODE_STRIPPING = YES;
				DEBUG_INFORMATION_FORMAT = "dwarf-with-dsym";
				DEVELOPMENT_TEAM = 6P6BQ65AWN;
				ENABLE_NS_ASSERTIONS = NO;
				ENABLE_STRICT_OBJC_MSGSEND = YES;
				ENABLE_USER_SCRIPT_SANDBOXING = NO;
				GCC_C_LANGUAGE_STANDARD = gnu17;
				GCC_NO_COMMON_BLOCKS = YES;
				GCC_WARN_64_TO_32_BIT_CONVERSION = YES;
				GCC_WARN_ABOUT_RETURN_TYPE = YES_ERROR;
				GCC_WARN_UNDECLARED_SELECTOR = YES;
				GCC_WARN_UNINITIALIZED_AUTOS = YES_AGGRESSIVE;
				GCC_WARN_UNUSED_FUNCTION = YES;
				GCC_WARN_UNUSED_VARIABLE = YES;
				LOCALIZATION_PREFERS_STRING_CATALOGS = YES;
				MTL_ENABLE_DEBUG_INFO = NO;
				MTL_FAST_MATH = YES;
				STRING_CATALOG_GENERATE_SYMBOLS = YES;
				SWIFT_COMPILATION_MODE = wholemodule;
			};
			name = Release;
		};
		F5338FA92EE16BA500619943 /* Debug */ = {
			isa = XCBuildConfiguration;
			buildSettings = {
				ASSETCATALOG_COMPILER_APPICON_NAME = AppIcon;
				ASSETCATALOG_COMPILER_GLOBAL_ACCENT_COLOR_NAME = AccentColor;
				ASSETCATALOG_COMPILER_INCLUDE_ALL_APPICON_ASSETS = YES;
				CODE_SIGN_ENTITLEMENTS = valta/valta.entitlements;
				CODE_SIGN_IDENTITY = "Apple Development";
				CODE_SIGN_STYLE = Automatic;
				CURRENT_PROJECT_VERSION = 5;
				DEAD_CODE_STRIPPING = YES;
				DEVELOPMENT_TEAM = 6P6BQ65AWN;
				ENABLE_APP_SANDBOX = YES;
				ENABLE_HARDENED_RUNTIME = YES;
				ENABLE_INCOMING_NETWORK_CONNECTIONS = YES;
				ENABLE_OUTGOING_NETWORK_CONNECTIONS = YES;
				ENABLE_PREVIEWS = YES;
				ENABLE_RESOURCE_ACCESS_AUDIO_INPUT = NO;
				ENABLE_RESOURCE_ACCESS_BLUETOOTH = NO;
				ENABLE_RESOURCE_ACCESS_CALENDARS = NO;
				ENABLE_RESOURCE_ACCESS_CAMERA = NO;
				ENABLE_RESOURCE_ACCESS_CONTACTS = NO;
				ENABLE_RESOURCE_ACCESS_LOCATION = NO;
				ENABLE_RESOURCE_ACCESS_PRINTING = NO;
				ENABLE_RESOURCE_ACCESS_USB = NO;
				ENABLE_USER_SELECTED_FILES = readonly;
				GENERATE_INFOPLIST_FILE = YES;
				INFOPLIST_FILE = valta/Info.plist;
				"INFOPLIST_KEY_UIApplicationSceneManifest_Generation[sdk=iphoneos*]" = YES;
				"INFOPLIST_KEY_UIApplicationSceneManifest_Generation[sdk=iphonesimulator*]" = YES;
				"INFOPLIST_KEY_UIApplicationSupportsIndirectInputEvents[sdk=iphoneos*]" = YES;
				"INFOPLIST_KEY_UIApplicationSupportsIndirectInputEvents[sdk=iphonesimulator*]" = YES;
				"INFOPLIST_KEY_UILaunchScreen_Generation[sdk=iphoneos*]" = YES;
				"INFOPLIST_KEY_UILaunchScreen_Generation[sdk=iphonesimulator*]" = YES;
				"INFOPLIST_KEY_UIStatusBarStyle[sdk=iphoneos*]" = UIStatusBarStyleDefault;
				"INFOPLIST_KEY_UIStatusBarStyle[sdk=iphonesimulator*]" = UIStatusBarStyleDefault;
				INFOPLIST_KEY_UISupportedInterfaceOrientations_iPad = "UIInterfaceOrientationPortrait UIInterfaceOrientationPortraitUpsideDown UIInterfaceOrientationLandscapeLeft UIInterfaceOrientationLandscapeRight";
				INFOPLIST_KEY_UISupportedInterfaceOrientations_iPhone = "UIInterfaceOrientationPortrait UIInterfaceOrientationLandscapeLeft UIInterfaceOrientationLandscapeRight";
				IPHONEOS_DEPLOYMENT_TARGET = 26.1;
				LD_RUNPATH_SEARCH_PATHS = "@executable_path/Frameworks";
				"LD_RUNPATH_SEARCH_PATHS[sdk=macosx*]" = "@executable_path/../Frameworks";
				MACOSX_DEPLOYMENT_TARGET = 26.1;
				MARKETING_VERSION = 1.0;
				PRODUCT_BUNDLE_IDENTIFIER = com.valexa.valta;
				PRODUCT_NAME = "$(TARGET_NAME)";
				PROVISIONING_PROFILE_SPECIFIER = "";
				REGISTER_APP_GROUPS = YES;
				SDKROOT = auto;
				STRING_CATALOG_GENERATE_SYMBOLS = YES;
				SUPPORTED_PLATFORMS = "iphoneos iphonesimulator macosx xros xrsimulator";
				SWIFT_APPROACHABLE_CONCURRENCY = YES;
				SWIFT_DEFAULT_ACTOR_ISOLATION = MainActor;
				SWIFT_EMIT_LOC_STRINGS = YES;
				SWIFT_UPCOMING_FEATURE_MEMBER_IMPORT_VISIBILITY = YES;
				SWIFT_VERSION = 5.0;
				TARGETED_DEVICE_FAMILY = "1,2,7";
				XROS_DEPLOYMENT_TARGET = 26.1;
			};
			name = Debug;
		};
		F5338FAA2EE16BA500619943 /* Release */ = {
			isa = XCBuildConfiguration;
			buildSettings = {
				ASSETCATALOG_COMPILER_APPICON_NAME = AppIcon;
				ASSETCATALOG_COMPILER_GLOBAL_ACCENT_COLOR_NAME = AccentColor;
				ASSETCATALOG_COMPILER_INCLUDE_ALL_APPICON_ASSETS = YES;
				CODE_SIGN_ENTITLEMENTS = valta/valta.entitlements;
				CODE_SIGN_IDENTITY = "Apple Development";
				CODE_SIGN_STYLE = Automatic;
				CURRENT_PROJECT_VERSION = 5;
				DEAD_CODE_STRIPPING = YES;
				DEVELOPMENT_TEAM = 6P6BQ65AWN;
				ENABLE_APP_SANDBOX = YES;
				ENABLE_HARDENED_RUNTIME = YES;
				ENABLE_INCOMING_NETWORK_CONNECTIONS = YES;
				ENABLE_OUTGOING_NETWORK_CONNECTIONS = YES;
				ENABLE_PREVIEWS = YES;
				ENABLE_RESOURCE_ACCESS_AUDIO_INPUT = NO;
				ENABLE_RESOURCE_ACCESS_BLUETOOTH = NO;
				ENABLE_RESOURCE_ACCESS_CALENDARS = NO;
				ENABLE_RESOURCE_ACCESS_CAMERA = NO;
				ENABLE_RESOURCE_ACCESS_CONTACTS = NO;
				ENABLE_RESOURCE_ACCESS_LOCATION = NO;
				ENABLE_RESOURCE_ACCESS_PRINTING = NO;
				ENABLE_RESOURCE_ACCESS_USB = NO;
				ENABLE_USER_SELECTED_FILES = readonly;
				GENERATE_INFOPLIST_FILE = YES;
				INFOPLIST_FILE = valta/Info.plist;
				"INFOPLIST_KEY_UIApplicationSceneManifest_Generation[sdk=iphoneos*]" = YES;
				"INFOPLIST_KEY_UIApplicationSceneManifest_Generation[sdk=iphonesimulator*]" = YES;
				"INFOPLIST_KEY_UIApplicationSupportsIndirectInputEvents[sdk=iphoneos*]" = YES;
				"INFOPLIST_KEY_UIApplicationSupportsIndirectInputEvents[sdk=iphonesimulator*]" = YES;
				"INFOPLIST_KEY_UILaunchScreen_Generation[sdk=iphoneos*]" = YES;
				"INFOPLIST_KEY_UILaunchScreen_Generation[sdk=iphonesimulator*]" = YES;
				"INFOPLIST_KEY_UIStatusBarStyle[sdk=iphoneos*]" = UIStatusBarStyleDefault;
				"INFOPLIST_KEY_UIStatusBarStyle[sdk=iphonesimulator*]" = UIStatusBarStyleDefault;
				INFOPLIST_KEY_UISupportedInterfaceOrientations_iPad = "UIInterfaceOrientationPortrait UIInterfaceOrientationPortraitUpsideDown UIInterfaceOrientationLandscapeLeft UIInterfaceOrientationLandscapeRight";
				INFOPLIST_KEY_UISupportedInterfaceOrientations_iPhone = "UIInterfaceOrientationPortrait UIInterfaceOrientationLandscapeLeft UIInterfaceOrientationLandscapeRight";
				IPHONEOS_DEPLOYMENT_TARGET = 26.1;
				LD_RUNPATH_SEARCH_PATHS = "@executable_path/Frameworks";
				"LD_RUNPATH_SEARCH_PATHS[sdk=macosx*]" = "@executable_path/../Frameworks";
				MACOSX_DEPLOYMENT_TARGET = 26.1;
				MARKETING_VERSION = 1.0;
				PRODUCT_BUNDLE_IDENTIFIER = com.valexa.valta;
				PRODUCT_NAME = "$(TARGET_NAME)";
				PROVISIONING_PROFILE_SPECIFIER = "";
				REGISTER_APP_GROUPS = YES;
				SDKROOT = auto;
				STRING_CATALOG_GENERATE_SYMBOLS = YES;
				SUPPORTED_PLATFORMS = "iphoneos iphonesimulator macosx xros xrsimulator";
				SWIFT_APPROACHABLE_CONCURRENCY = YES;
				SWIFT_DEFAULT_ACTOR_ISOLATION = MainActor;
				SWIFT_EMIT_LOC_STRINGS = YES;
				SWIFT_UPCOMING_FEATURE_MEMBER_IMPORT_VISIBILITY = YES;
				SWIFT_VERSION = 5.0;
				TARGETED_DEVICE_FAMILY = "1,2,7";
				XROS_DEPLOYMENT_TARGET = 26.1;
			};
			name = Release;
		};
		F5338FAC2EE16BA500619943 /* Debug */ = {
			isa = XCBuildConfiguration;
			buildSettings = {
				BUNDLE_LOADER = "$(TEST_HOST)";
				CODE_SIGN_STYLE = Automatic;
				CURRENT_PROJECT_VERSION = 1;
				DEAD_CODE_STRIPPING = YES;
				DEVELOPMENT_TEAM = 6P6BQ65AWN;
				GENERATE_INFOPLIST_FILE = YES;
				IPHONEOS_DEPLOYMENT_TARGET = 26.1;
				MACOSX_DEPLOYMENT_TARGET = 26.1;
				MARKETING_VERSION = 1.0;
				PRODUCT_BUNDLE_IDENTIFIER = com.valexa.valtaTests;
				PRODUCT_NAME = "$(TARGET_NAME)";
				SDKROOT = auto;
				STRING_CATALOG_GENERATE_SYMBOLS = NO;
				SUPPORTED_PLATFORMS = "iphoneos iphonesimulator macosx xros xrsimulator";
				SWIFT_APPROACHABLE_CONCURRENCY = YES;
				SWIFT_EMIT_LOC_STRINGS = NO;
				SWIFT_UPCOMING_FEATURE_MEMBER_IMPORT_VISIBILITY = YES;
				SWIFT_VERSION = 5.0;
				TARGETED_DEVICE_FAMILY = "1,2,7";
				TEST_HOST = "$(BUILT_PRODUCTS_DIR)/valta.app/$(BUNDLE_EXECUTABLE_FOLDER_PATH)/valta";
				XROS_DEPLOYMENT_TARGET = 26.1;
			};
			name = Debug;
		};
		F5338FAD2EE16BA500619943 /* Release */ = {
			isa = XCBuildConfiguration;
			buildSettings = {
				BUNDLE_LOADER = "$(TEST_HOST)";
				CODE_SIGN_STYLE = Automatic;
				CURRENT_PROJECT_VERSION = 1;
				DEAD_CODE_STRIPPING = YES;
				DEVELOPMENT_TEAM = 6P6BQ65AWN;
				GENERATE_INFOPLIST_FILE = YES;
				IPHONEOS_DEPLOYMENT_TARGET = 26.1;
				MACOSX_DEPLOYMENT_TARGET = 26.1;
				MARKETING_VERSION = 1.0;
				PRODUCT_BUNDLE_IDENTIFIER = com.valexa.valtaTests;
				PRODUCT_NAME = "$(TARGET_NAME)";
				SDKROOT = auto;
				STRING_CATALOG_GENERATE_SYMBOLS = NO;
				SUPPORTED_PLATFORMS = "iphoneos iphonesimulator macosx xros xrsimulator";
				SWIFT_APPROACHABLE_CONCURRENCY = YES;
				SWIFT_EMIT_LOC_STRINGS = NO;
				SWIFT_UPCOMING_FEATURE_MEMBER_IMPORT_VISIBILITY = YES;
				SWIFT_VERSION = 5.0;
				TARGETED_DEVICE_FAMILY = "1,2,7";
				TEST_HOST = "$(BUILT_PRODUCTS_DIR)/valta.app/$(BUNDLE_EXECUTABLE_FOLDER_PATH)/valta";
				XROS_DEPLOYMENT_TARGET = 26.1;
			};
			name = Release;
		};
		F5338FAF2EE16BA500619943 /* Debug */ = {
			isa = XCBuildConfiguration;
			buildSettings = {
				CODE_SIGN_STYLE = Automatic;
				CURRENT_PROJECT_VERSION = 1;
				DEAD_CODE_STRIPPING = YES;
				DEVELOPMENT_TEAM = 6P6BQ65AWN;
				GENERATE_INFOPLIST_FILE = YES;
				IPHONEOS_DEPLOYMENT_TARGET = 26.1;
				MACOSX_DEPLOYMENT_TARGET = 26.1;
				MARKETING_VERSION = 1.0;
				PRODUCT_BUNDLE_IDENTIFIER = com.valexa.valtaUITests;
				PRODUCT_NAME = "$(TARGET_NAME)";
				SDKROOT = auto;
				STRING_CATALOG_GENERATE_SYMBOLS = NO;
				SUPPORTED_PLATFORMS = "iphoneos iphonesimulator macosx xros xrsimulator";
				SWIFT_APPROACHABLE_CONCURRENCY = YES;
				SWIFT_EMIT_LOC_STRINGS = NO;
				SWIFT_UPCOMING_FEATURE_MEMBER_IMPORT_VISIBILITY = YES;
				SWIFT_VERSION = 5.0;
				TARGETED_DEVICE_FAMILY = "1,2,7";
				TEST_TARGET_NAME = valta;
				XROS_DEPLOYMENT_TARGET = 26.1;
			};
			name = Debug;
		};
		F5338FB02EE16BA500619943 /* Release */ = {
			isa = XCBuildConfiguration;
			buildSettings = {
				CODE_SIGN_STYLE = Automatic;
				CURRENT_PROJECT_VERSION = 1;
				DEAD_CODE_STRIPPING = YES;
				DEVELOPMENT_TEAM = 6P6BQ65AWN;
				GENERATE_INFOPLIST_FILE = YES;
				IPHONEOS_DEPLOYMENT_TARGET = 26.1;
				MACOSX_DEPLOYMENT_TARGET = 26.1;
				MARKETING_VERSION = 1.0;
				PRODUCT_BUNDLE_IDENTIFIER = com.valexa.valtaUITests;
				PRODUCT_NAME = "$(TARGET_NAME)";
				SDKROOT = auto;
				STRING_CATALOG_GENERATE_SYMBOLS = NO;
				SUPPORTED_PLATFORMS = "iphoneos iphonesimulator macosx xros xrsimulator";
				SWIFT_APPROACHABLE_CONCURRENCY = YES;
				SWIFT_EMIT_LOC_STRINGS = NO;
				SWIFT_UPCOMING_FEATURE_MEMBER_IMPORT_VISIBILITY = YES;
				SWIFT_VERSION = 5.0;
				TARGETED_DEVICE_FAMILY = "1,2,7";
				TEST_TARGET_NAME = valta;
				XROS_DEPLOYMENT_TARGET = 26.1;
			};
			name = Release;
		};
/* End XCBuildConfiguration section */

/* Begin XCConfigurationList section */
		F51CBB442EE17C9000615E23 /* Build configuration list for PBXNativeTarget "valtaManager" */ = {
			isa = XCConfigurationList;
			buildConfigurations = (
				F51CBB452EE17C9000615E23 /* Debug */,
				F51CBB462EE17C9000615E23 /* Release */,
			);
			defaultConfigurationIsVisible = 0;
			defaultConfigurationName = Release;
		};
		F51CBB4A2EE17C9000615E23 /* Build configuration list for PBXNativeTarget "valtaManagerUITests" */ = {
			isa = XCConfigurationList;
			buildConfigurations = (
				F51CBB4B2EE17C9000615E23 /* Debug */,
				F51CBB4C2EE17C9000615E23 /* Release */,
			);
			defaultConfigurationIsVisible = 0;
			defaultConfigurationName = Release;
		};
		F5338F822EE16BA300619943 /* Build configuration list for PBXProject "valta" */ = {
			isa = XCConfigurationList;
			buildConfigurations = (
				F5338FA62EE16BA500619943 /* Debug */,
				F5338FA72EE16BA500619943 /* Release */,
			);
			defaultConfigurationIsVisible = 0;
			defaultConfigurationName = Release;
		};
		F5338FA82EE16BA500619943 /* Build configuration list for PBXNativeTarget "valta" */ = {
			isa = XCConfigurationList;
			buildConfigurations = (
				F5338FA92EE16BA500619943 /* Debug */,
				F5338FAA2EE16BA500619943 /* Release */,
			);
			defaultConfigurationIsVisible = 0;
			defaultConfigurationName = Release;
		};
		F5338FAB2EE16BA500619943 /* Build configuration list for PBXNativeTarget "valtaTests" */ = {
			isa = XCConfigurationList;
			buildConfigurations = (
				F5338FAC2EE16BA500619943 /* Debug */,
				F5338FAD2EE16BA500619943 /* Release */,
			);
			defaultConfigurationIsVisible = 0;
			defaultConfigurationName = Release;
		};
		F5338FAE2EE16BA500619943 /* Build configuration list for PBXNativeTarget "valtaUITests" */ = {
			isa = XCConfigurationList;
			buildConfigurations = (
				F5338FAF2EE16BA500619943 /* Debug */,
				F5338FB02EE16BA500619943 /* Release */,
			);
			defaultConfigurationIsVisible = 0;
			defaultConfigurationName = Release;
		};
/* End XCConfigurationList section */

/* Begin XCRemoteSwiftPackageReference section */
		F559C3A62EE240B4004EB3E0 /* XCRemoteSwiftPackageReference "firebase-ios-sdk" */ = {
			isa = XCRemoteSwiftPackageReference;
			repositoryURL = "https://github.com/firebase/firebase-ios-sdk";
			requirement = {
				kind = upToNextMajorVersion;
				minimumVersion = 12.6.0;
			};
		};
/* End XCRemoteSwiftPackageReference section */

/* Begin XCSwiftPackageProductDependency section */
		F51414522EE5A436001609BF /* FirebaseFirestore */ = {
			isa = XCSwiftPackageProductDependency;
			package = F559C3A62EE240B4004EB3E0 /* XCRemoteSwiftPackageReference "firebase-ios-sdk" */;
			productName = FirebaseFirestore;
		};
		F51414542EE5A43F001609BF /* FirebaseFirestore */ = {
			isa = XCSwiftPackageProductDependency;
			package = F559C3A62EE240B4004EB3E0 /* XCRemoteSwiftPackageReference "firebase-ios-sdk" */;
			productName = FirebaseFirestore;
		};
		F559C3A92EE240B4004EB3E0 /* FirebaseCrashlytics */ = {
			isa = XCSwiftPackageProductDependency;
			package = F559C3A62EE240B4004EB3E0 /* XCRemoteSwiftPackageReference "firebase-ios-sdk" */;
			productName = FirebaseCrashlytics;
		};
		F559C3AB2EE240B4004EB3E0 /* FirebasePerformance */ = {
			isa = XCSwiftPackageProductDependency;
			package = F559C3A62EE240B4004EB3E0 /* XCRemoteSwiftPackageReference "firebase-ios-sdk" */;
			productName = FirebasePerformance;
		};
		F559C3AD2EE240B4004EB3E0 /* FirebaseStorage */ = {
			isa = XCSwiftPackageProductDependency;
			package = F559C3A62EE240B4004EB3E0 /* XCRemoteSwiftPackageReference "firebase-ios-sdk" */;
			productName = FirebaseStorage;
		};
		F559C3BF2EE2482D004EB3E0 /* FirebaseCrashlytics */ = {
			isa = XCSwiftPackageProductDependency;
			package = F559C3A62EE240B4004EB3E0 /* XCRemoteSwiftPackageReference "firebase-ios-sdk" */;
			productName = FirebaseCrashlytics;
		};
		F559C3C12EE2482D004EB3E0 /* FirebasePerformance */ = {
			isa = XCSwiftPackageProductDependency;
			package = F559C3A62EE240B4004EB3E0 /* XCRemoteSwiftPackageReference "firebase-ios-sdk" */;
			productName = FirebasePerformance;
		};
		F559C3C32EE2482D004EB3E0 /* FirebaseStorage */ = {
			isa = XCSwiftPackageProductDependency;
			package = F559C3A62EE240B4004EB3E0 /* XCRemoteSwiftPackageReference "firebase-ios-sdk" */;
			productName = FirebaseStorage;
		};
		F559C3CD2EE24C9B004EB3E0 /* FirebaseAuth */ = {
			isa = XCSwiftPackageProductDependency;
			package = F559C3A62EE240B4004EB3E0 /* XCRemoteSwiftPackageReference "firebase-ios-sdk" */;
			productName = FirebaseAuth;
		};
		F559C3CF2EE24CA2004EB3E0 /* FirebaseAuth */ = {
			isa = XCSwiftPackageProductDependency;
			package = F559C3A62EE240B4004EB3E0 /* XCRemoteSwiftPackageReference "firebase-ios-sdk" */;
			productName = FirebaseAuth;
		};
		F5F030FE2EE4FFB400C5CA50 /* FirebaseFunctions */ = {
			isa = XCSwiftPackageProductDependency;
			package = F559C3A62EE240B4004EB3E0 /* XCRemoteSwiftPackageReference "firebase-ios-sdk" */;
			productName = FirebaseFunctions;
		};
		F5F031002EE4FFBC00C5CA50 /* FirebaseMessaging */ = {
			isa = XCSwiftPackageProductDependency;
			package = F559C3A62EE240B4004EB3E0 /* XCRemoteSwiftPackageReference "firebase-ios-sdk" */;
			productName = FirebaseMessaging;
		};
		F5F031022EE4FFC800C5CA50 /* FirebaseFunctions */ = {
			isa = XCSwiftPackageProductDependency;
			package = F559C3A62EE240B4004EB3E0 /* XCRemoteSwiftPackageReference "firebase-ios-sdk" */;
			productName = FirebaseFunctions;
		};
		F5F031042EE4FFCE00C5CA50 /* FirebaseMessaging */ = {
			isa = XCSwiftPackageProductDependency;
			package = F559C3A62EE240B4004EB3E0 /* XCRemoteSwiftPackageReference "firebase-ios-sdk" */;
			productName = FirebaseMessaging;
		};
/* End XCSwiftPackageProductDependency section */
	};
	rootObject = F5338F7F2EE16BA300619943 /* Project object */;
}
